// !$*UTF8*$!
{
	archiveVersion = 1;
	classes = {
	};
	objectVersion = 46;
	objects = {

/* Begin PBXBuildFile section */
		6EA33EB71B241DE100ACA79E /* AppDelegate.swift in Sources */ = {isa = PBXBuildFile; fileRef = 6EA33EB61B241DE100ACA79E /* AppDelegate.swift */; };
		6EA33EB91B241DE100ACA79E /* TimerVC.swift in Sources */ = {isa = PBXBuildFile; fileRef = 6EA33EB81B241DE100ACA79E /* TimerVC.swift */; };
		6EA33EBC1B241DE100ACA79E /* Main.storyboard in Resources */ = {isa = PBXBuildFile; fileRef = 6EA33EBA1B241DE100ACA79E /* Main.storyboard */; };
		6EA33EBE1B241DE100ACA79E /* Images.xcassets in Resources */ = {isa = PBXBuildFile; fileRef = 6EA33EBD1B241DE100ACA79E /* Images.xcassets */; };
		6EA33EC11B241DE100ACA79E /* LaunchScreen.xib in Resources */ = {isa = PBXBuildFile; fileRef = 6EA33EBF1B241DE100ACA79E /* LaunchScreen.xib */; };
		6EA33ECD1B241DE100ACA79E /* TimeHackerTests.swift in Sources */ = {isa = PBXBuildFile; fileRef = 6EA33ECC1B241DE100ACA79E /* TimeHackerTests.swift */; };
		6EA33ED71B241F6800ACA79E /* TimerVM.swift in Sources */ = {isa = PBXBuildFile; fileRef = 6EA33ED61B241F6800ACA79E /* TimerVM.swift */; };
		6EA33ED91B24241200ACA79E /* Extensions.swift in Sources */ = {isa = PBXBuildFile; fileRef = 6EA33ED81B24241200ACA79E /* Extensions.swift */; };
/* End PBXBuildFile section */

/* Begin PBXContainerItemProxy section */
		6EA33EC71B241DE100ACA79E /* PBXContainerItemProxy */ = {
			isa = PBXContainerItemProxy;
			containerPortal = 6EA33EA91B241DE100ACA79E /* Project object */;
			proxyType = 1;
			remoteGlobalIDString = 6EA33EB01B241DE100ACA79E;
			remoteInfo = TimeHacker;
		};
/* End PBXContainerItemProxy section */

/* Begin PBXFileReference section */
		6EA33EB11B241DE100ACA79E /* TimeHacker.app */ = {isa = PBXFileReference; explicitFileType = wrapper.application; includeInIndex = 0; path = TimeHacker.app; sourceTree = BUILT_PRODUCTS_DIR; };
		6EA33EB51B241DE100ACA79E /* Info.plist */ = {isa = PBXFileReference; lastKnownFileType = text.plist.xml; path = Info.plist; sourceTree = "<group>"; };
		6EA33EB61B241DE100ACA79E /* AppDelegate.swift */ = {isa = PBXFileReference; lastKnownFileType = sourcecode.swift; path = AppDelegate.swift; sourceTree = "<group>"; };
		6EA33EB81B241DE100ACA79E /* TimerVC.swift */ = {isa = PBXFileReference; lastKnownFileType = sourcecode.swift; path = TimerVC.swift; sourceTree = "<group>"; };
		6EA33EBB1B241DE100ACA79E /* Base */ = {isa = PBXFileReference; lastKnownFileType = file.storyboard; name = Base; path = Base.lproj/Main.storyboard; sourceTree = "<group>"; };
		6EA33EBD1B241DE100ACA79E /* Images.xcassets */ = {isa = PBXFileReference; lastKnownFileType = folder.assetcatalog; path = Images.xcassets; sourceTree = "<group>"; };
		6EA33EC01B241DE100ACA79E /* Base */ = {isa = PBXFileReference; lastKnownFileType = file.xib; name = Base; path = Base.lproj/LaunchScreen.xib; sourceTree = "<group>"; };
		6EA33EC61B241DE100ACA79E /* TimeHackerTests.xctest */ = {isa = PBXFileReference; explicitFileType = wrapper.cfbundle; includeInIndex = 0; path = TimeHackerTests.xctest; sourceTree = BUILT_PRODUCTS_DIR; };
		6EA33ECB1B241DE100ACA79E /* Info.plist */ = {isa = PBXFileReference; lastKnownFileType = text.plist.xml; path = Info.plist; sourceTree = "<group>"; };
		6EA33ECC1B241DE100ACA79E /* TimeHackerTests.swift */ = {isa = PBXFileReference; lastKnownFileType = sourcecode.swift; path = TimeHackerTests.swift; sourceTree = "<group>"; };
		6EA33ED61B241F6800ACA79E /* TimerVM.swift */ = {isa = PBXFileReference; fileEncoding = 4; lastKnownFileType = sourcecode.swift; path = TimerVM.swift; sourceTree = "<group>"; };
		6EA33ED81B24241200ACA79E /* Extensions.swift */ = {isa = PBXFileReference; fileEncoding = 4; lastKnownFileType = sourcecode.swift; path = Extensions.swift; sourceTree = "<group>"; };
/* End PBXFileReference section */

/* Begin PBXFrameworksBuildPhase section */
		6EA33EAE1B241DE100ACA79E /* Frameworks */ = {
			isa = PBXFrameworksBuildPhase;
			buildActionMask = 2147483647;
			files = (
			);
			runOnlyForDeploymentPostprocessing = 0;
		};
		6EA33EC31B241DE100ACA79E /* Frameworks */ = {
			isa = PBXFrameworksBuildPhase;
			buildActionMask = 2147483647;
			files = (
			);
			runOnlyForDeploymentPostprocessing = 0;
		};
/* End PBXFrameworksBuildPhase section */

/* Begin PBXGroup section */
		6EA33EA81B241DE100ACA79E = {
			isa = PBXGroup;
			children = (
				6EA33EB31B241DE100ACA79E /* TimeHacker */,
				6EA33EC91B241DE100ACA79E /* TimeHackerTests */,
				6EA33EB21B241DE100ACA79E /* Products */,
			);
			sourceTree = "<group>";
		};
		6EA33EB21B241DE100ACA79E /* Products */ = {
			isa = PBXGroup;
			children = (
				6EA33EB11B241DE100ACA79E /* TimeHacker.app */,
				6EA33EC61B241DE100ACA79E /* TimeHackerTests.xctest */,
			);
			name = Products;
			sourceTree = "<group>";
		};
		6EA33EB31B241DE100ACA79E /* TimeHacker */ = {
			isa = PBXGroup;
			children = (
				6EA33EB61B241DE100ACA79E /* AppDelegate.swift */,
				6EA33EB81B241DE100ACA79E /* TimerVC.swift */,
				6EA33ED61B241F6800ACA79E /* TimerVM.swift */,
				6EA33ED81B24241200ACA79E /* Extensions.swift */,
				6EA33EBA1B241DE100ACA79E /* Main.storyboard */,
				6EA33EBD1B241DE100ACA79E /* Images.xcassets */,
				6EA33EBF1B241DE100ACA79E /* LaunchScreen.xib */,
				6EA33EB41B241DE100ACA79E /* Supporting Files */,
			);
			path = TimeHacker;
			sourceTree = "<group>";
		};
		6EA33EB41B241DE100ACA79E /* Supporting Files */ = {
			isa = PBXGroup;
			children = (
				6EA33EB51B241DE100ACA79E /* Info.plist */,
			);
			name = "Supporting Files";
			sourceTree = "<group>";
		};
		6EA33EC91B241DE100ACA79E /* TimeHackerTests */ = {
			isa = PBXGroup;
			children = (
				6EA33ECC1B241DE100ACA79E /* TimeHackerTests.swift */,
				6EA33ECA1B241DE100ACA79E /* Supporting Files */,
			);
			path = TimeHackerTests;
			sourceTree = "<group>";
		};
		6EA33ECA1B241DE100ACA79E /* Supporting Files */ = {
			isa = PBXGroup;
			children = (
				6EA33ECB1B241DE100ACA79E /* Info.plist */,
			);
			name = "Supporting Files";
			sourceTree = "<group>";
		};
/* End PBXGroup section */

/* Begin PBXNativeTarget section */
		6EA33EB01B241DE100ACA79E /* TimeHacker */ = {
			isa = PBXNativeTarget;
			buildConfigurationList = 6EA33ED01B241DE100ACA79E /* Build configuration list for PBXNativeTarget "TimeHacker" */;
			buildPhases = (
				6EA33EAD1B241DE100ACA79E /* Sources */,
				6EA33EAE1B241DE100ACA79E /* Frameworks */,
				6EA33EAF1B241DE100ACA79E /* Resources */,
			);
			buildRules = (
			);
			dependencies = (
			);
			name = TimeHacker;
			productName = TimeHacker;
			productReference = 6EA33EB11B241DE100ACA79E /* TimeHacker.app */;
			productType = "com.apple.product-type.application";
		};
		6EA33EC51B241DE100ACA79E /* TimeHackerTests */ = {
			isa = PBXNativeTarget;
			buildConfigurationList = 6EA33ED31B241DE100ACA79E /* Build configuration list for PBXNativeTarget "TimeHackerTests" */;
			buildPhases = (
				6EA33EC21B241DE100ACA79E /* Sources */,
				6EA33EC31B241DE100ACA79E /* Frameworks */,
				6EA33EC41B241DE100ACA79E /* Resources */,
			);
			buildRules = (
			);
			dependencies = (
				6EA33EC81B241DE100ACA79E /* PBXTargetDependency */,
			);
			name = TimeHackerTests;
			productName = TimeHackerTests;
			productReference = 6EA33EC61B241DE100ACA79E /* TimeHackerTests.xctest */;
			productType = "com.apple.product-type.bundle.unit-test";
		};
/* End PBXNativeTarget section */

/* Begin PBXProject section */
		6EA33EA91B241DE100ACA79E /* Project object */ = {
			isa = PBXProject;
			attributes = {
				LastUpgradeCheck = 0640;
				ORGANIZATIONNAME = artwalk;
				TargetAttributes = {
					6EA33EB01B241DE100ACA79E = {
						CreatedOnToolsVersion = 6.3.2;
					};
					6EA33EC51B241DE100ACA79E = {
						CreatedOnToolsVersion = 6.3.2;
						TestTargetID = 6EA33EB01B241DE100ACA79E;
					};
				};
			};
			buildConfigurationList = 6EA33EAC1B241DE100ACA79E /* Build configuration list for PBXProject "TimeHacker" */;
			compatibilityVersion = "Xcode 3.2";
			developmentRegion = English;
			hasScannedForEncodings = 0;
			knownRegions = (
				en,
				Base,
			);
			mainGroup = 6EA33EA81B241DE100ACA79E;
			productRefGroup = 6EA33EB21B241DE100ACA79E /* Products */;
			projectDirPath = "";
			projectRoot = "";
			targets = (
				6EA33EB01B241DE100ACA79E /* TimeHacker */,
				6EA33EC51B241DE100ACA79E /* TimeHackerTests */,
			);
		};
/* End PBXProject section */

/* Begin PBXResourcesBuildPhase section */
		6EA33EAF1B241DE100ACA79E /* Resources */ = {
			isa = PBXResourcesBuildPhase;
			buildActionMask = 2147483647;
			files = (
				6EA33EBC1B241DE100ACA79E /* Main.storyboard in Resources */,
				6EA33EC11B241DE100ACA79E /* LaunchScreen.xib in Resources */,
				6EA33EBE1B241DE100ACA79E /* Images.xcassets in Resources */,
			);
			runOnlyForDeploymentPostprocessing = 0;
		};
		6EA33EC41B241DE100ACA79E /* Resources */ = {
			isa = PBXResourcesBuildPhase;
			buildActionMask = 2147483647;
			files = (
			);
			runOnlyForDeploymentPostprocessing = 0;
		};
/* End PBXResourcesBuildPhase section */

/* Begin PBXSourcesBuildPhase section */
		6EA33EAD1B241DE100ACA79E /* Sources */ = {
			isa = PBXSourcesBuildPhase;
			buildActionMask = 2147483647;
			files = (
				6EA33EB91B241DE100ACA79E /* TimerVC.swift in Sources */,
				6EA33ED71B241F6800ACA79E /* TimerVM.swift in Sources */,
				6EA33EB71B241DE100ACA79E /* AppDelegate.swift in Sources */,
				6EA33ED91B24241200ACA79E /* Extensions.swift in Sources */,
			);
			runOnlyForDeploymentPostprocessing = 0;
		};
		6EA33EC21B241DE100ACA79E /* Sources */ = {
			isa = PBXSourcesBuildPhase;
			buildActionMask = 2147483647;
			files = (
				6EA33ECD1B241DE100ACA79E /* TimeHackerTests.swift in Sources */,
			);
			runOnlyForDeploymentPostprocessing = 0;
		};
/* End PBXSourcesBuildPhase section */

/* Begin PBXTargetDependency section */
		6EA33EC81B241DE100ACA79E /* PBXTargetDependency */ = {
			isa = PBXTargetDependency;
			target = 6EA33EB01B241DE100ACA79E /* TimeHacker */;
			targetProxy = 6EA33EC71B241DE100ACA79E /* PBXContainerItemProxy */;
		};
/* End PBXTargetDependency section */

/* Begin PBXVariantGroup section */
		6EA33EBA1B241DE100ACA79E /* Main.storyboard */ = {
			isa = PBXVariantGroup;
			children = (
				6EA33EBB1B241DE100ACA79E /* Base */,
			);
			name = Main.storyboard;
			sourceTree = "<group>";
		};
		6EA33EBF1B241DE100ACA79E /* LaunchScreen.xib */ = {
			isa = PBXVariantGroup;
			children = (
				6EA33EC01B241DE100ACA79E /* Base */,
			);
			name = LaunchScreen.xib;
			sourceTree = "<group>";
		};
/* End PBXVariantGroup section */

/* Begin XCBuildConfiguration section */
		6EA33ECE1B241DE100ACA79E /* Debug */ = {
			isa = XCBuildConfiguration;
			buildSettings = {
				ALWAYS_SEARCH_USER_PATHS = NO;
				CLANG_CXX_LANGUAGE_STANDARD = "gnu++0x";
				CLANG_CXX_LIBRARY = "libc++";
				CLANG_ENABLE_MODULES = YES;
				CLANG_ENABLE_OBJC_ARC = YES;
				CLANG_WARN_BOOL_CONVERSION = YES;
				CLANG_WARN_CONSTANT_CONVERSION = YES;
				CLANG_WARN_DIRECT_OBJC_ISA_USAGE = YES_ERROR;
				CLANG_WARN_EMPTY_BODY = YES;
				CLANG_WARN_ENUM_CONVERSION = YES;
				CLANG_WARN_INT_CONVERSION = YES;
				CLANG_WARN_OBJC_ROOT_CLASS = YES_ERROR;
				CLANG_WARN_UNREACHABLE_CODE = YES;
				CLANG_WARN__DUPLICATE_METHOD_MATCH = YES;
				"CODE_SIGN_IDENTITY[sdk=iphoneos*]" = "iPhone Developer";
				COPY_PHASE_STRIP = NO;
				DEBUG_INFORMATION_FORMAT = "dwarf-with-dsym";
				ENABLE_STRICT_OBJC_MSGSEND = YES;
				GCC_C_LANGUAGE_STANDARD = gnu99;
				GCC_DYNAMIC_NO_PIC = NO;
				GCC_NO_COMMON_BLOCKS = YES;
				GCC_OPTIMIZATION_LEVEL = 0;
				GCC_PREPROCESSOR_DEFINITIONS = (
					"DEBUG=1",
					"$(inherited)",
				);
				GCC_SYMBOLS_PRIVATE_EXTERN = NO;
				GCC_WARN_64_TO_32_BIT_CONVERSION = YES;
				GCC_WARN_ABOUT_RETURN_TYPE = YES_ERROR;
				GCC_WARN_UNDECLARED_SELECTOR = YES;
				GCC_WARN_UNINITIALIZED_AUTOS = YES_AGGRESSIVE;
				GCC_WARN_UNUSED_FUNCTION = YES;
				GCC_WARN_UNUSED_VARIABLE = YES;
				IPHONEOS_DEPLOYMENT_TARGET = 8.3;
				MTL_ENABLE_DEBUG_INFO = YES;
				ONLY_ACTIVE_ARCH = YES;
				SDKROOT = iphoneos;
				SWIFT_OPTIMIZATION_LEVEL = "-Onone";
			};
			name = Debug;
		};
		6EA33ECF1B241DE100ACA79E /* Release */ = {
			isa = XCBuildConfiguration;
			buildSettings = {
				ALWAYS_SEARCH_USER_PATHS = NO;
				CLANG_CXX_LANGUAGE_STANDARD = "gnu++0x";
				CLANG_CXX_LIBRARY = "libc++";
				CLANG_ENABLE_MODULES = YES;
				CLANG_ENABLE_OBJC_ARC = YES;
				CLANG_WARN_BOOL_CONVERSION = YES;
				CLANG_WARN_CONSTANT_CONVERSION = YES;
				CLANG_WARN_DIRECT_OBJC_ISA_USAGE = YES_ERROR;
				CLANG_WARN_EMPTY_BODY = YES;
				CLANG_WARN_ENUM_CONVERSION = YES;
				CLANG_WARN_INT_CONVERSION = YES;
				CLANG_WARN_OBJC_ROOT_CLASS = YES_ERROR;
				CLANG_WARN_UNREACHABLE_CODE = YES;
				CLANG_WARN__DUPLICATE_METHOD_MATCH = YES;
				"CODE_SIGN_IDENTITY[sdk=iphoneos*]" = "iPhone Developer";
				COPY_PHASE_STRIP = NO;
				DEBUG_INFORMATION_FORMAT = "dwarf-with-dsym";
				ENABLE_NS_ASSERTIONS = NO;
				ENABLE_STRICT_OBJC_MSGSEND = YES;
				GCC_C_LANGUAGE_STANDARD = gnu99;
				GCC_NO_COMMON_BLOCKS = YES;
				GCC_WARN_64_TO_32_BIT_CONVERSION = YES;
				GCC_WARN_ABOUT_RETURN_TYPE = YES_ERROR;
				GCC_WARN_UNDECLARED_SELECTOR = YES;
				GCC_WARN_UNINITIALIZED_AUTOS = YES_AGGRESSIVE;
				GCC_WARN_UNUSED_FUNCTION = YES;
				GCC_WARN_UNUSED_VARIABLE = YES;
				IPHONEOS_DEPLOYMENT_TARGET = 8.3;
				MTL_ENABLE_DEBUG_INFO = NO;
				SDKROOT = iphoneos;
				VALIDATE_PRODUCT = YES;
			};
			name = Release;
		};
		6EA33ED11B241DE100ACA79E /* Debug */ = {
			isa = XCBuildConfiguration;
			buildSettings = {
				ASSETCATALOG_COMPILER_APPICON_NAME = AppIcon;
				INFOPLIST_FILE = TimeHacker/Info.plist;
				LD_RUNPATH_SEARCH_PATHS = "$(inherited) @executable_path/Frameworks";
				PRODUCT_NAME = "$(TARGET_NAME)";
			};
			name = Debug;
		};
		6EA33ED21B241DE100ACA79E /* Release */ = {
			isa = XCBuildConfiguration;
			buildSettings = {
				ASSETCATALOG_COMPILER_APPICON_NAME = AppIcon;
				INFOPLIST_FILE = TimeHacker/Info.plist;
				LD_RUNPATH_SEARCH_PATHS = "$(inherited) @executable_path/Frameworks";
				PRODUCT_NAME = "$(TARGET_NAME)";
			};
			name = Release;
		};
		6EA33ED41B241DE100ACA79E /* Debug */ = {
			isa = XCBuildConfiguration;
			buildSettings = {
				BUNDLE_LOADER = "$(TEST_HOST)";
				FRAMEWORK_SEARCH_PATHS = (
					"$(SDKROOT)/Developer/Library/Frameworks",
					"$(inherited)",
				);
				GCC_PREPROCESSOR_DEFINITIONS = (
					"DEBUG=1",
					"$(inherited)",
				);
				INFOPLIST_FILE = TimeHackerTests/Info.plist;
				LD_RUNPATH_SEARCH_PATHS = "$(inherited) @executable_path/Frameworks @loader_path/Frameworks";
				PRODUCT_NAME = "$(TARGET_NAME)";
				TEST_HOST = "$(BUILT_PRODUCTS_DIR)/TimeHacker.app/TimeHacker";
			};
			name = Debug;
		};
		6EA33ED51B241DE100ACA79E /* Release */ = {
			isa = XCBuildConfiguration;
			buildSettings = {
				BUNDLE_LOADER = "$(TEST_HOST)";
				FRAMEWORK_SEARCH_PATHS = (
					"$(SDKROOT)/Developer/Library/Frameworks",
					"$(inherited)",
				);
				INFOPLIST_FILE = TimeHackerTests/Info.plist;
				LD_RUNPATH_SEARCH_PATHS = "$(inherited) @executable_path/Frameworks @loader_path/Frameworks";
				PRODUCT_NAME = "$(TARGET_NAME)";
				TEST_HOST = "$(BUILT_PRODUCTS_DIR)/TimeHacker.app/TimeHacker";
			};
			name = Release;
		};
/* End XCBuildConfiguration section */

/* Begin XCConfigurationList section */
		6EA33EAC1B241DE100ACA79E /* Build configuration list for PBXProject "TimeHacker" */ = {
			isa = XCConfigurationList;
			buildConfigurations = (
				6EA33ECE1B241DE100ACA79E /* Debug */,
				6EA33ECF1B241DE100ACA79E /* Release */,
			);
			defaultConfigurationIsVisible = 0;
			defaultConfigurationName = Release;
		};
		6EA33ED01B241DE100ACA79E /* Build configuration list for PBXNativeTarget "TimeHacker" */ = {
			isa = XCConfigurationList;
			buildConfigurations = (
				6EA33ED11B241DE100ACA79E /* Debug */,
				6EA33ED21B241DE100ACA79E /* Release */,
			);
			defaultConfigurationIsVisible = 0;
		};
		6EA33ED31B241DE100ACA79E /* Build configuration list for PBXNativeTarget "TimeHackerTests" */ = {
			isa = XCConfigurationList;
			buildConfigurations = (
				6EA33ED41B241DE100ACA79E /* Debug */,
				6EA33ED51B241DE100ACA79E /* Release */,
			);
			defaultConfigurationIsVisible = 0;
		};
/* End XCConfigurationList section */
	};
	rootObject = 6EA33EA91B241DE100ACA79E /* Project object */;
}
