// !$*UTF8*$!
{
	archiveVersion = 1;
	classes = {
	};
	objectVersion = 46;
	objects = {

/* Begin PBXBuildFile section */
		6E106FFF195653470026FA12 /* Pomo.m in Sources */ = {isa = PBXBuildFile; fileRef = 6E106FFE195653470026FA12 /* Pomo.m */; };
		6E10700B1956544C0026FA12 /* PomoList.m in Sources */ = {isa = PBXBuildFile; fileRef = 6E10700A1956544C0026FA12 /* PomoList.m */; };
		6E1D28AC1946F8AC00892F5D /* Foundation.framework in Frameworks */ = {isa = PBXBuildFile; fileRef = 6E1D28AB1946F8AC00892F5D /* Foundation.framework */; };
		6E1D28AE1946F8AC00892F5D /* CoreGraphics.framework in Frameworks */ = {isa = PBXBuildFile; fileRef = 6E1D28AD1946F8AC00892F5D /* CoreGraphics.framework */; };
		6E1D28B01946F8AC00892F5D /* UIKit.framework in Frameworks */ = {isa = PBXBuildFile; fileRef = 6E1D28AF1946F8AC00892F5D /* UIKit.framework */; };
		6E1D28B61946F8AC00892F5D /* InfoPlist.strings in Resources */ = {isa = PBXBuildFile; fileRef = 6E1D28B41946F8AC00892F5D /* InfoPlist.strings */; };
		6E1D28B81946F8AC00892F5D /* main.m in Sources */ = {isa = PBXBuildFile; fileRef = 6E1D28B71946F8AC00892F5D /* main.m */; };
		6E1D28BC1946F8AD00892F5D /* THAppDelegate.m in Sources */ = {isa = PBXBuildFile; fileRef = 6E1D28BB1946F8AD00892F5D /* THAppDelegate.m */; };
		6E1D28BF1946F8AD00892F5D /* Main.storyboard in Resources */ = {isa = PBXBuildFile; fileRef = 6E1D28BD1946F8AD00892F5D /* Main.storyboard */; };
		6E1D28C51946F8AD00892F5D /* THTodoListViewController.m in Sources */ = {isa = PBXBuildFile; fileRef = 6E1D28C41946F8AD00892F5D /* THTodoListViewController.m */; };
		6E1D28C81946F8AD00892F5D /* THPomoViewController.m in Sources */ = {isa = PBXBuildFile; fileRef = 6E1D28C71946F8AD00892F5D /* THPomoViewController.m */; };
		6E1D28CA1946F8AD00892F5D /* Images.xcassets in Resources */ = {isa = PBXBuildFile; fileRef = 6E1D28C91946F8AD00892F5D /* Images.xcassets */; };
		6E1D28D11946F8AD00892F5D /* XCTest.framework in Frameworks */ = {isa = PBXBuildFile; fileRef = 6E1D28D01946F8AD00892F5D /* XCTest.framework */; };
		6E1D28D21946F8AD00892F5D /* Foundation.framework in Frameworks */ = {isa = PBXBuildFile; fileRef = 6E1D28AB1946F8AC00892F5D /* Foundation.framework */; };
		6E1D28D31946F8AD00892F5D /* UIKit.framework in Frameworks */ = {isa = PBXBuildFile; fileRef = 6E1D28AF1946F8AC00892F5D /* UIKit.framework */; };
		6E1D28DB1946F8AD00892F5D /* InfoPlist.strings in Resources */ = {isa = PBXBuildFile; fileRef = 6E1D28D91946F8AD00892F5D /* InfoPlist.strings */; };
		6E1D28DD1946F8AD00892F5D /* THTests.m in Sources */ = {isa = PBXBuildFile; fileRef = 6E1D28DC1946F8AD00892F5D /* THTests.m */; };
		6E1D28F119472C5C00892F5D /* THPomo.m in Sources */ = {isa = PBXBuildFile; fileRef = 6E1D28F019472C5C00892F5D /* THPomo.m */; };
		6E3B1DF41953D1E300F0DDE3 /* THTodoTableViewCell.m in Sources */ = {isa = PBXBuildFile; fileRef = 6E3B1DF31953D1E300F0DDE3 /* THTodoTableViewCell.m */; };
		6E3F6A0F1951B31700BC546B /* THPomoModel.xcdatamodeld in Sources */ = {isa = PBXBuildFile; fileRef = 6E3F6A0D1951B31700BC546B /* THPomoModel.xcdatamodeld */; };
		6E3F6A141951BF2800BC546B /* CoreData.framework in Frameworks */ = {isa = PBXBuildFile; fileRef = 6E3F6A131951BF2800BC546B /* CoreData.framework */; };
		6E49229A19AACACA00AB00EB /* SettingsTableViewController.m in Sources */ = {isa = PBXBuildFile; fileRef = 6E49229919AACACA00AB00EB /* SettingsTableViewController.m */; };
		6E49229E19AACF0A00AB00EB /* FeedbackViewController.m in Sources */ = {isa = PBXBuildFile; fileRef = 6E49229D19AACF0A00AB00EB /* FeedbackViewController.m */; };
		6EC4EF091953DDC500D63AEC /* EventKit.framework in Frameworks */ = {isa = PBXBuildFile; fileRef = 6EC4EF081953DDC500D63AEC /* EventKit.framework */; };
/* End PBXBuildFile section */

/* Begin PBXContainerItemProxy section */
		6E1D28D41946F8AD00892F5D /* PBXContainerItemProxy */ = {
			isa = PBXContainerItemProxy;
			containerPortal = 6E1D28A01946F8AC00892F5D /* Project object */;
			proxyType = 1;
			remoteGlobalIDString = 6E1D28A71946F8AC00892F5D;
			remoteInfo = iCaleminder_iOS;
		};
/* End PBXContainerItemProxy section */

/* Begin PBXFileReference section */
		6E106FFD195653470026FA12 /* Pomo.h */ = {isa = PBXFileReference; fileEncoding = 4; lastKnownFileType = sourcecode.c.h; path = Pomo.h; sourceTree = "<group>"; };
		6E106FFE195653470026FA12 /* Pomo.m */ = {isa = PBXFileReference; fileEncoding = 4; lastKnownFileType = sourcecode.c.objc; path = Pomo.m; sourceTree = "<group>"; };
		6E1070091956544C0026FA12 /* PomoList.h */ = {isa = PBXFileReference; fileEncoding = 4; lastKnownFileType = sourcecode.c.h; path = PomoList.h; sourceTree = "<group>"; };
		6E10700A1956544C0026FA12 /* PomoList.m */ = {isa = PBXFileReference; fileEncoding = 4; lastKnownFileType = sourcecode.c.objc; path = PomoList.m; sourceTree = "<group>"; };
		6E1D28A81946F8AC00892F5D /* TimeHacker.app */ = {isa = PBXFileReference; explicitFileType = wrapper.application; includeInIndex = 0; path = TimeHacker.app; sourceTree = BUILT_PRODUCTS_DIR; };
		6E1D28AB1946F8AC00892F5D /* Foundation.framework */ = {isa = PBXFileReference; lastKnownFileType = wrapper.framework; name = Foundation.framework; path = System/Library/Frameworks/Foundation.framework; sourceTree = SDKROOT; };
		6E1D28AD1946F8AC00892F5D /* CoreGraphics.framework */ = {isa = PBXFileReference; lastKnownFileType = wrapper.framework; name = CoreGraphics.framework; path = System/Library/Frameworks/CoreGraphics.framework; sourceTree = SDKROOT; };
		6E1D28AF1946F8AC00892F5D /* UIKit.framework */ = {isa = PBXFileReference; lastKnownFileType = wrapper.framework; name = UIKit.framework; path = System/Library/Frameworks/UIKit.framework; sourceTree = SDKROOT; };
		6E1D28B31946F8AC00892F5D /* TimeHacker-Info.plist */ = {isa = PBXFileReference; lastKnownFileType = text.plist.xml; path = "TimeHacker-Info.plist"; sourceTree = "<group>"; };
		6E1D28B51946F8AC00892F5D /* en */ = {isa = PBXFileReference; lastKnownFileType = text.plist.strings; name = en; path = en.lproj/InfoPlist.strings; sourceTree = "<group>"; };
		6E1D28B71946F8AC00892F5D /* main.m */ = {isa = PBXFileReference; lastKnownFileType = sourcecode.c.objc; path = main.m; sourceTree = "<group>"; };
		6E1D28B91946F8AC00892F5D /* TimeHacker-Prefix.pch */ = {isa = PBXFileReference; lastKnownFileType = sourcecode.c.h; path = "TimeHacker-Prefix.pch"; sourceTree = "<group>"; };
		6E1D28BA1946F8AC00892F5D /* THAppDelegate.h */ = {isa = PBXFileReference; lastKnownFileType = sourcecode.c.h; path = THAppDelegate.h; sourceTree = "<group>"; };
		6E1D28BB1946F8AD00892F5D /* THAppDelegate.m */ = {isa = PBXFileReference; lastKnownFileType = sourcecode.c.objc; path = THAppDelegate.m; sourceTree = "<group>"; };
		6E1D28BE1946F8AD00892F5D /* Base */ = {isa = PBXFileReference; lastKnownFileType = file.storyboard; name = Base; path = Base.lproj/Main.storyboard; sourceTree = "<group>"; };
		6E1D28C31946F8AD00892F5D /* THTodoListViewController.h */ = {isa = PBXFileReference; lastKnownFileType = sourcecode.c.h; path = THTodoListViewController.h; sourceTree = "<group>"; };
		6E1D28C41946F8AD00892F5D /* THTodoListViewController.m */ = {isa = PBXFileReference; lastKnownFileType = sourcecode.c.objc; path = THTodoListViewController.m; sourceTree = "<group>"; };
		6E1D28C61946F8AD00892F5D /* THPomoViewController.h */ = {isa = PBXFileReference; lastKnownFileType = sourcecode.c.h; path = THPomoViewController.h; sourceTree = "<group>"; };
		6E1D28C71946F8AD00892F5D /* THPomoViewController.m */ = {isa = PBXFileReference; lastKnownFileType = sourcecode.c.objc; path = THPomoViewController.m; sourceTree = "<group>"; };
		6E1D28C91946F8AD00892F5D /* Images.xcassets */ = {isa = PBXFileReference; lastKnownFileType = folder.assetcatalog; path = Images.xcassets; sourceTree = "<group>"; };
		6E1D28CF1946F8AD00892F5D /* TimeHackerTests.xctest */ = {isa = PBXFileReference; explicitFileType = wrapper.cfbundle; includeInIndex = 0; path = TimeHackerTests.xctest; sourceTree = BUILT_PRODUCTS_DIR; };
		6E1D28D01946F8AD00892F5D /* XCTest.framework */ = {isa = PBXFileReference; lastKnownFileType = wrapper.framework; name = XCTest.framework; path = Library/Frameworks/XCTest.framework; sourceTree = DEVELOPER_DIR; };
		6E1D28D81946F8AD00892F5D /* TimeHackerTests-Info.plist */ = {isa = PBXFileReference; lastKnownFileType = text.plist.xml; path = "TimeHackerTests-Info.plist"; sourceTree = "<group>"; };
		6E1D28DA1946F8AD00892F5D /* en */ = {isa = PBXFileReference; lastKnownFileType = text.plist.strings; name = en; path = en.lproj/InfoPlist.strings; sourceTree = "<group>"; };
		6E1D28DC1946F8AD00892F5D /* THTests.m */ = {isa = PBXFileReference; lastKnownFileType = sourcecode.c.objc; path = THTests.m; sourceTree = "<group>"; };
		6E1D28EF19472C5C00892F5D /* THPomo.h */ = {isa = PBXFileReference; fileEncoding = 4; lastKnownFileType = sourcecode.c.h; path = THPomo.h; sourceTree = "<group>"; };
		6E1D28F019472C5C00892F5D /* THPomo.m */ = {isa = PBXFileReference; fileEncoding = 4; lastKnownFileType = sourcecode.c.objc; path = THPomo.m; sourceTree = "<group>"; };
		6E3B1DF21953D1E300F0DDE3 /* THTodoTableViewCell.h */ = {isa = PBXFileReference; fileEncoding = 4; lastKnownFileType = sourcecode.c.h; path = THTodoTableViewCell.h; sourceTree = "<group>"; };
		6E3B1DF31953D1E300F0DDE3 /* THTodoTableViewCell.m */ = {isa = PBXFileReference; fileEncoding = 4; lastKnownFileType = sourcecode.c.objc; path = THTodoTableViewCell.m; sourceTree = "<group>"; };
		6E3F6A0E1951B31700BC546B /* THPomoModel.xcdatamodel */ = {isa = PBXFileReference; lastKnownFileType = wrapper.xcdatamodel; path = THPomoModel.xcdatamodel; sourceTree = "<group>"; };
		6E3F6A131951BF2800BC546B /* CoreData.framework */ = {isa = PBXFileReference; lastKnownFileType = wrapper.framework; name = CoreData.framework; path = System/Library/Frameworks/CoreData.framework; sourceTree = SDKROOT; };
		6E49229819AACACA00AB00EB /* SettingsTableViewController.h */ = {isa = PBXFileReference; fileEncoding = 4; lastKnownFileType = sourcecode.c.h; path = SettingsTableViewController.h; sourceTree = "<group>"; };
		6E49229919AACACA00AB00EB /* SettingsTableViewController.m */ = {isa = PBXFileReference; fileEncoding = 4; lastKnownFileType = sourcecode.c.objc; path = SettingsTableViewController.m; sourceTree = "<group>"; };
		6E49229C19AACF0A00AB00EB /* FeedbackViewController.h */ = {isa = PBXFileReference; fileEncoding = 4; lastKnownFileType = sourcecode.c.h; path = FeedbackViewController.h; sourceTree = "<group>"; };
		6E49229D19AACF0A00AB00EB /* FeedbackViewController.m */ = {isa = PBXFileReference; fileEncoding = 4; lastKnownFileType = sourcecode.c.objc; path = FeedbackViewController.m; sourceTree = "<group>"; };
		6EC4EF081953DDC500D63AEC /* EventKit.framework */ = {isa = PBXFileReference; lastKnownFileType = wrapper.framework; name = EventKit.framework; path = System/Library/Frameworks/EventKit.framework; sourceTree = SDKROOT; };
/* End PBXFileReference section */

/* Begin PBXFrameworksBuildPhase section */
		6E1D28A51946F8AC00892F5D /* Frameworks */ = {
			isa = PBXFrameworksBuildPhase;
			buildActionMask = 2147483647;
			files = (
				6EC4EF091953DDC500D63AEC /* EventKit.framework in Frameworks */,
				6E3F6A141951BF2800BC546B /* CoreData.framework in Frameworks */,
				6E1D28AE1946F8AC00892F5D /* CoreGraphics.framework in Frameworks */,
				6E1D28B01946F8AC00892F5D /* UIKit.framework in Frameworks */,
				6E1D28AC1946F8AC00892F5D /* Foundation.framework in Frameworks */,
			);
			runOnlyForDeploymentPostprocessing = 0;
		};
		6E1D28CC1946F8AD00892F5D /* Frameworks */ = {
			isa = PBXFrameworksBuildPhase;
			buildActionMask = 2147483647;
			files = (
				6E1D28D11946F8AD00892F5D /* XCTest.framework in Frameworks */,
				6E1D28D31946F8AD00892F5D /* UIKit.framework in Frameworks */,
				6E1D28D21946F8AD00892F5D /* Foundation.framework in Frameworks */,
			);
			runOnlyForDeploymentPostprocessing = 0;
		};
/* End PBXFrameworksBuildPhase section */

/* Begin PBXGroup section */
		6E10700C195668150026FA12 /* Model */ = {
			isa = PBXGroup;
			children = (
				6E3F6A0D1951B31700BC546B /* THPomoModel.xcdatamodeld */,
				6E1070091956544C0026FA12 /* PomoList.h */,
				6E10700A1956544C0026FA12 /* PomoList.m */,
				6E106FFD195653470026FA12 /* Pomo.h */,
				6E106FFE195653470026FA12 /* Pomo.m */,
			);
			name = Model;
			sourceTree = "<group>";
		};
		6E1D289F1946F8AC00892F5D = {
			isa = PBXGroup;
			children = (
				6E1D28B11946F8AC00892F5D /* TimeHacker */,
				6E1D28D61946F8AD00892F5D /* TimeHackerTests */,
				6E1D28AA1946F8AC00892F5D /* Frameworks */,
				6E1D28A91946F8AC00892F5D /* Products */,
			);
			sourceTree = "<group>";
		};
		6E1D28A91946F8AC00892F5D /* Products */ = {
			isa = PBXGroup;
			children = (
				6E1D28A81946F8AC00892F5D /* TimeHacker.app */,
				6E1D28CF1946F8AD00892F5D /* TimeHackerTests.xctest */,
			);
			name = Products;
			sourceTree = "<group>";
		};
		6E1D28AA1946F8AC00892F5D /* Frameworks */ = {
			isa = PBXGroup;
			children = (
				6EC4EF081953DDC500D63AEC /* EventKit.framework */,
				6E3F6A131951BF2800BC546B /* CoreData.framework */,
				6E1D28AB1946F8AC00892F5D /* Foundation.framework */,
				6E1D28AD1946F8AC00892F5D /* CoreGraphics.framework */,
				6E1D28AF1946F8AC00892F5D /* UIKit.framework */,
				6E1D28D01946F8AD00892F5D /* XCTest.framework */,
			);
			name = Frameworks;
			sourceTree = "<group>";
		};
		6E1D28B11946F8AC00892F5D /* TimeHacker */ = {
			isa = PBXGroup;
			children = (
				6E3E258F19AC20A700A29BAC /* iPad */,
				6E1D28BA1946F8AC00892F5D /* THAppDelegate.h */,
				6E1D28BB1946F8AD00892F5D /* THAppDelegate.m */,
				6E1D28BD1946F8AD00892F5D /* Main.storyboard */,
				6E49229B19AACAD400AB00EB /* Settings */,
				6E10700C195668150026FA12 /* Model */,
				6E3F6A0A1951994500BC546B /* ToDoList */,
				6E3F6A0C1951998100BC546B /* PomoToDo */,
				6E1D28C91946F8AD00892F5D /* Images.xcassets */,
				6E1D28B21946F8AC00892F5D /* Supporting Files */,
			);
			path = TimeHacker;
			sourceTree = "<group>";
		};
		6E1D28B21946F8AC00892F5D /* Supporting Files */ = {
			isa = PBXGroup;
			children = (
				6E1D28B31946F8AC00892F5D /* TimeHacker-Info.plist */,
				6E1D28B41946F8AC00892F5D /* InfoPlist.strings */,
				6E1D28B71946F8AC00892F5D /* main.m */,
				6E1D28B91946F8AC00892F5D /* TimeHacker-Prefix.pch */,
			);
			name = "Supporting Files";
			sourceTree = "<group>";
		};
		6E1D28D61946F8AD00892F5D /* TimeHackerTests */ = {
			isa = PBXGroup;
			children = (
				6E1D28DC1946F8AD00892F5D /* THTests.m */,
				6E1D28D71946F8AD00892F5D /* Supporting Files */,
			);
			path = TimeHackerTests;
			sourceTree = "<group>";
		};
		6E1D28D71946F8AD00892F5D /* Supporting Files */ = {
			isa = PBXGroup;
			children = (
				6E1D28D81946F8AD00892F5D /* TimeHackerTests-Info.plist */,
				6E1D28D91946F8AD00892F5D /* InfoPlist.strings */,
			);
			name = "Supporting Files";
			sourceTree = "<group>";
		};
		6E3E258F19AC20A700A29BAC /* iPad */ = {
			isa = PBXGroup;
			children = (
			);
			name = iPad;
			sourceTree = "<group>";
		};
		6E3F6A0A1951994500BC546B /* ToDoList */ = {
			isa = PBXGroup;
			children = (
				6E1D28C31946F8AD00892F5D /* THTodoListViewController.h */,
				6E1D28C41946F8AD00892F5D /* THTodoListViewController.m */,
				6E3B1DF21953D1E300F0DDE3 /* THTodoTableViewCell.h */,
				6E3B1DF31953D1E300F0DDE3 /* THTodoTableViewCell.m */,
			);
			name = ToDoList;
			sourceTree = "<group>";
		};
		6E3F6A0C1951998100BC546B /* PomoToDo */ = {
			isa = PBXGroup;
			children = (
				6E1D28C61946F8AD00892F5D /* THPomoViewController.h */,
				6E1D28C71946F8AD00892F5D /* THPomoViewController.m */,
				6E1D28EF19472C5C00892F5D /* THPomo.h */,
				6E1D28F019472C5C00892F5D /* THPomo.m */,
			);
			name = PomoToDo;
			sourceTree = "<group>";
		};
		6E49229B19AACAD400AB00EB /* Settings */ = {
			isa = PBXGroup;
			children = (
				6E49229819AACACA00AB00EB /* SettingsTableViewController.h */,
				6E49229919AACACA00AB00EB /* SettingsTableViewController.m */,
				6E49229C19AACF0A00AB00EB /* FeedbackViewController.h */,
				6E49229D19AACF0A00AB00EB /* FeedbackViewController.m */,
			);
			name = Settings;
			sourceTree = "<group>";
		};
/* End PBXGroup section */

/* Begin PBXNativeTarget section */
		6E1D28A71946F8AC00892F5D /* TimeHacker */ = {
			isa = PBXNativeTarget;
			buildConfigurationList = 6E1D28E01946F8AD00892F5D /* Build configuration list for PBXNativeTarget "TimeHacker" */;
			buildPhases = (
				6E1D28A41946F8AC00892F5D /* Sources */,
				6E1D28A51946F8AC00892F5D /* Frameworks */,
				6E1D28A61946F8AC00892F5D /* Resources */,
			);
			buildRules = (
			);
			dependencies = (
			);
			name = TimeHacker;
			productName = iCaleminder_iOS;
			productReference = 6E1D28A81946F8AC00892F5D /* TimeHacker.app */;
			productType = "com.apple.product-type.application";
		};
		6E1D28CE1946F8AD00892F5D /* TimeHackerTests */ = {
			isa = PBXNativeTarget;
			buildConfigurationList = 6E1D28E31946F8AD00892F5D /* Build configuration list for PBXNativeTarget "TimeHackerTests" */;
			buildPhases = (
				6E1D28CB1946F8AD00892F5D /* Sources */,
				6E1D28CC1946F8AD00892F5D /* Frameworks */,
				6E1D28CD1946F8AD00892F5D /* Resources */,
			);
			buildRules = (
			);
			dependencies = (
				6E1D28D51946F8AD00892F5D /* PBXTargetDependency */,
			);
			name = TimeHackerTests;
			productName = iCaleminder_iOSTests;
			productReference = 6E1D28CF1946F8AD00892F5D /* TimeHackerTests.xctest */;
			productType = "com.apple.product-type.bundle.unit-test";
		};
/* End PBXNativeTarget section */

/* Begin PBXProject section */
		6E1D28A01946F8AC00892F5D /* Project object */ = {
			isa = PBXProject;
			attributes = {
				CLASSPREFIX = ICAL;
				LastUpgradeCheck = 0510;
				ORGANIZATIONNAME = artwalk;
				TargetAttributes = {
					6E1D28A71946F8AC00892F5D = {
						DevelopmentTeam = QW827XK56P;
					};
					6E1D28CE1946F8AD00892F5D = {
						TestTargetID = 6E1D28A71946F8AC00892F5D;
					};
				};
			};
			buildConfigurationList = 6E1D28A31946F8AC00892F5D /* Build configuration list for PBXProject "TimeHacker" */;
			compatibilityVersion = "Xcode 3.2";
			developmentRegion = English;
			hasScannedForEncodings = 0;
			knownRegions = (
				en,
				Base,
			);
			mainGroup = 6E1D289F1946F8AC00892F5D;
			productRefGroup = 6E1D28A91946F8AC00892F5D /* Products */;
			projectDirPath = "";
			projectRoot = "";
			targets = (
				6E1D28A71946F8AC00892F5D /* TimeHacker */,
				6E1D28CE1946F8AD00892F5D /* TimeHackerTests */,
			);
		};
/* End PBXProject section */

/* Begin PBXResourcesBuildPhase section */
		6E1D28A61946F8AC00892F5D /* Resources */ = {
			isa = PBXResourcesBuildPhase;
			buildActionMask = 2147483647;
			files = (
				6E1D28CA1946F8AD00892F5D /* Images.xcassets in Resources */,
				6E1D28BF1946F8AD00892F5D /* Main.storyboard in Resources */,
				6E1D28B61946F8AC00892F5D /* InfoPlist.strings in Resources */,
			);
			runOnlyForDeploymentPostprocessing = 0;
		};
		6E1D28CD1946F8AD00892F5D /* Resources */ = {
			isa = PBXResourcesBuildPhase;
			buildActionMask = 2147483647;
			files = (
				6E1D28DB1946F8AD00892F5D /* InfoPlist.strings in Resources */,
			);
			runOnlyForDeploymentPostprocessing = 0;
		};
/* End PBXResourcesBuildPhase section */

/* Begin PBXSourcesBuildPhase section */
		6E1D28A41946F8AC00892F5D /* Sources */ = {
			isa = PBXSourcesBuildPhase;
			buildActionMask = 2147483647;
			files = (
				6E106FFF195653470026FA12 /* Pomo.m in Sources */,
				6E3F6A0F1951B31700BC546B /* THPomoModel.xcdatamodeld in Sources */,
				6E49229A19AACACA00AB00EB /* SettingsTableViewController.m in Sources */,
				6E1D28C81946F8AD00892F5D /* THPomoViewController.m in Sources */,
				6E10700B1956544C0026FA12 /* PomoList.m in Sources */,
				6E49229E19AACF0A00AB00EB /* FeedbackViewController.m in Sources */,
				6E1D28B81946F8AC00892F5D /* main.m in Sources */,
				6E1D28C51946F8AD00892F5D /* THTodoListViewController.m in Sources */,
				6E3B1DF41953D1E300F0DDE3 /* THTodoTableViewCell.m in Sources */,
				6E1D28F119472C5C00892F5D /* THPomo.m in Sources */,
				6E1D28BC1946F8AD00892F5D /* THAppDelegate.m in Sources */,
			);
			runOnlyForDeploymentPostprocessing = 0;
		};
		6E1D28CB1946F8AD00892F5D /* Sources */ = {
			isa = PBXSourcesBuildPhase;
			buildActionMask = 2147483647;
			files = (
				6E1D28DD1946F8AD00892F5D /* THTests.m in Sources */,
			);
			runOnlyForDeploymentPostprocessing = 0;
		};
/* End PBXSourcesBuildPhase section */

/* Begin PBXTargetDependency section */
		6E1D28D51946F8AD00892F5D /* PBXTargetDependency */ = {
			isa = PBXTargetDependency;
			target = 6E1D28A71946F8AC00892F5D /* TimeHacker */;
			targetProxy = 6E1D28D41946F8AD00892F5D /* PBXContainerItemProxy */;
		};
/* End PBXTargetDependency section */

/* Begin PBXVariantGroup section */
		6E1D28B41946F8AC00892F5D /* InfoPlist.strings */ = {
			isa = PBXVariantGroup;
			children = (
				6E1D28B51946F8AC00892F5D /* en */,
			);
			name = InfoPlist.strings;
			sourceTree = "<group>";
		};
		6E1D28BD1946F8AD00892F5D /* Main.storyboard */ = {
			isa = PBXVariantGroup;
			children = (
				6E1D28BE1946F8AD00892F5D /* Base */,
			);
			name = Main.storyboard;
			sourceTree = "<group>";
		};
		6E1D28D91946F8AD00892F5D /* InfoPlist.strings */ = {
			isa = PBXVariantGroup;
			children = (
				6E1D28DA1946F8AD00892F5D /* en */,
			);
			name = InfoPlist.strings;
			sourceTree = "<group>";
		};
/* End PBXVariantGroup section */

/* Begin XCBuildConfiguration section */
		6E1D28DE1946F8AD00892F5D /* Debug */ = {
			isa = XCBuildConfiguration;
			buildSettings = {
				ALWAYS_SEARCH_USER_PATHS = NO;
				CLANG_CXX_LANGUAGE_STANDARD = "gnu++0x";
				CLANG_CXX_LIBRARY = "libc++";
				CLANG_ENABLE_MODULES = YES;
				CLANG_ENABLE_OBJC_ARC = YES;
				CLANG_WARN_BOOL_CONVERSION = YES;
				CLANG_WARN_CONSTANT_CONVERSION = YES;
				CLANG_WARN_DIRECT_OBJC_ISA_USAGE = YES_ERROR;
				CLANG_WARN_EMPTY_BODY = YES;
				CLANG_WARN_ENUM_CONVERSION = YES;
				CLANG_WARN_INT_CONVERSION = YES;
				CLANG_WARN_OBJC_ROOT_CLASS = YES_ERROR;
				CLANG_WARN__DUPLICATE_METHOD_MATCH = YES;
				"CODE_SIGN_IDENTITY[sdk=iphoneos*]" = "iPhone Developer";
				COPY_PHASE_STRIP = NO;
				GCC_C_LANGUAGE_STANDARD = gnu99;
				GCC_DYNAMIC_NO_PIC = NO;
				GCC_OPTIMIZATION_LEVEL = 0;
				GCC_PREPROCESSOR_DEFINITIONS = (
					"DEBUG=1",
					"$(inherited)",
				);
				GCC_SYMBOLS_PRIVATE_EXTERN = NO;
				GCC_WARN_64_TO_32_BIT_CONVERSION = YES;
				GCC_WARN_ABOUT_RETURN_TYPE = YES_ERROR;
				GCC_WARN_UNDECLARED_SELECTOR = YES;
				GCC_WARN_UNINITIALIZED_AUTOS = YES_AGGRESSIVE;
				GCC_WARN_UNUSED_FUNCTION = YES;
				GCC_WARN_UNUSED_VARIABLE = YES;
				IPHONEOS_DEPLOYMENT_TARGET = 7.1;
				ONLY_ACTIVE_ARCH = YES;
				SDKROOT = iphoneos;
				TARGETED_DEVICE_FAMILY = 1;
			};
			name = Debug;
		};
		6E1D28DF1946F8AD00892F5D /* Release */ = {
			isa = XCBuildConfiguration;
			buildSettings = {
				ALWAYS_SEARCH_USER_PATHS = NO;
				CLANG_CXX_LANGUAGE_STANDARD = "gnu++0x";
				CLANG_CXX_LIBRARY = "libc++";
				CLANG_ENABLE_MODULES = YES;
				CLANG_ENABLE_OBJC_ARC = YES;
				CLANG_WARN_BOOL_CONVERSION = YES;
				CLANG_WARN_CONSTANT_CONVERSION = YES;
				CLANG_WARN_DIRECT_OBJC_ISA_USAGE = YES_ERROR;
				CLANG_WARN_EMPTY_BODY = YES;
				CLANG_WARN_ENUM_CONVERSION = YES;
				CLANG_WARN_INT_CONVERSION = YES;
				CLANG_WARN_OBJC_ROOT_CLASS = YES_ERROR;
				CLANG_WARN__DUPLICATE_METHOD_MATCH = YES;
				"CODE_SIGN_IDENTITY[sdk=iphoneos*]" = "iPhone Developer";
				COPY_PHASE_STRIP = YES;
				ENABLE_NS_ASSERTIONS = NO;
				GCC_C_LANGUAGE_STANDARD = gnu99;
				GCC_WARN_64_TO_32_BIT_CONVERSION = YES;
				GCC_WARN_ABOUT_RETURN_TYPE = YES_ERROR;
				GCC_WARN_UNDECLARED_SELECTOR = YES;
				GCC_WARN_UNINITIALIZED_AUTOS = YES_AGGRESSIVE;
				GCC_WARN_UNUSED_FUNCTION = YES;
				GCC_WARN_UNUSED_VARIABLE = YES;
				IPHONEOS_DEPLOYMENT_TARGET = 7.1;
				SDKROOT = iphoneos;
				TARGETED_DEVICE_FAMILY = 1;
				VALIDATE_PRODUCT = YES;
			};
			name = Release;
		};
		6E1D28E11946F8AD00892F5D /* Debug */ = {
			isa = XCBuildConfiguration;
			buildSettings = {
				ASSETCATALOG_COMPILER_APPICON_NAME = AppIcon;
				ASSETCATALOG_COMPILER_LAUNCHIMAGE_NAME = LaunchImage;
				CODE_SIGN_IDENTITY = "iPhone Developer";
				"CODE_SIGN_IDENTITY[sdk=iphoneos*]" = "iPhone Developer";
				GCC_PRECOMPILE_PREFIX_HEADER = YES;
				GCC_PREFIX_HEADER = "TimeHacker/TimeHacker-Prefix.pch";
				INFOPLIST_FILE = "$(SRCROOT)/TimeHacker/TimeHacker-Info.plist";
				IPHONEOS_DEPLOYMENT_TARGET = 7.1;
				PRODUCT_NAME = TimeHacker;
				PROVISIONING_PROFILE = "";
				TARGETED_DEVICE_FAMILY = "1,2";
				WRAPPER_EXTENSION = app;
			};
			name = Debug;
		};
		6E1D28E21946F8AD00892F5D /* Release */ = {
			isa = XCBuildConfiguration;
			buildSettings = {
				ASSETCATALOG_COMPILER_APPICON_NAME = AppIcon;
				ASSETCATALOG_COMPILER_LAUNCHIMAGE_NAME = LaunchImage;
				CODE_SIGN_IDENTITY = "iPhone Developer";
				"CODE_SIGN_IDENTITY[sdk=iphoneos*]" = "iPhone Developer";
				GCC_PRECOMPILE_PREFIX_HEADER = YES;
				GCC_PREFIX_HEADER = "TimeHacker/TimeHacker-Prefix.pch";
				INFOPLIST_FILE = "$(SRCROOT)/TimeHacker/TimeHacker-Info.plist";
				IPHONEOS_DEPLOYMENT_TARGET = 7.1;
				PRODUCT_NAME = TimeHacker;
				PROVISIONING_PROFILE = "";
				TARGETED_DEVICE_FAMILY = "1,2";
				WRAPPER_EXTENSION = app;
			};
			name = Release;
		};
		6E1D28E41946F8AD00892F5D /* Debug */ = {
			isa = XCBuildConfiguration;
			buildSettings = {
				BUNDLE_LOADER = "$(BUILT_PRODUCTS_DIR)/TimeHacker.app/TimeHacker";
				FRAMEWORK_SEARCH_PATHS = (
					"$(SDKROOT)/Developer/Library/Frameworks",
					"$(inherited)",
					"$(DEVELOPER_FRAMEWORKS_DIR)",
				);
				GCC_PRECOMPILE_PREFIX_HEADER = YES;
				GCC_PREFIX_HEADER = "TimeHacker/TimeHacker-Prefix.pch";
				GCC_PREPROCESSOR_DEFINITIONS = (
					"DEBUG=1",
					"$(inherited)",
				);
				INFOPLIST_FILE = "TimeHackerTests/TimeHackerTests-Info.plist";
				PRODUCT_NAME = TimeHackerTests;
				TEST_HOST = "$(BUNDLE_LOADER)";
				WRAPPER_EXTENSION = xctest;
			};
			name = Debug;
		};
		6E1D28E51946F8AD00892F5D /* Release */ = {
			isa = XCBuildConfiguration;
			buildSettings = {
				BUNDLE_LOADER = "$(BUILT_PRODUCTS_DIR)/TimeHacker.app/TimeHacker";
				FRAMEWORK_SEARCH_PATHS = (
					"$(SDKROOT)/Developer/Library/Frameworks",
					"$(inherited)",
					"$(DEVELOPER_FRAMEWORKS_DIR)",
				);
				GCC_PRECOMPILE_PREFIX_HEADER = YES;
				GCC_PREFIX_HEADER = "TimeHacker/TimeHacker-Prefix.pch";
				INFOPLIST_FILE = "TimeHackerTests/TimeHackerTests-Info.plist";
				PRODUCT_NAME = TimeHackerTests;
				TEST_HOST = "$(BUNDLE_LOADER)";
				WRAPPER_EXTENSION = xctest;
			};
			name = Release;
		};
/* End XCBuildConfiguration section */

/* Begin XCConfigurationList section */
		6E1D28A31946F8AC00892F5D /* Build configuration list for PBXProject "TimeHacker" */ = {
			isa = XCConfigurationList;
			buildConfigurations = (
				6E1D28DE1946F8AD00892F5D /* Debug */,
				6E1D28DF1946F8AD00892F5D /* Release */,
			);
			defaultConfigurationIsVisible = 0;
			defaultConfigurationName = Release;
		};
		6E1D28E01946F8AD00892F5D /* Build configuration list for PBXNativeTarget "TimeHacker" */ = {
			isa = XCConfigurationList;
			buildConfigurations = (
				6E1D28E11946F8AD00892F5D /* Debug */,
				6E1D28E21946F8AD00892F5D /* Release */,
			);
			defaultConfigurationIsVisible = 0;
			defaultConfigurationName = Release;
		};
		6E1D28E31946F8AD00892F5D /* Build configuration list for PBXNativeTarget "TimeHackerTests" */ = {
			isa = XCConfigurationList;
			buildConfigurations = (
				6E1D28E41946F8AD00892F5D /* Debug */,
				6E1D28E51946F8AD00892F5D /* Release */,
			);
			defaultConfigurationIsVisible = 0;
			defaultConfigurationName = Release;
		};
/* End XCConfigurationList section */

/* Begin XCVersionGroup section */
		6E3F6A0D1951B31700BC546B /* THPomoModel.xcdatamodeld */ = {
			isa = XCVersionGroup;
			children = (
				6E3F6A0E1951B31700BC546B /* THPomoModel.xcdatamodel */,
			);
			currentVersion = 6E3F6A0E1951B31700BC546B /* THPomoModel.xcdatamodel */;
			path = THPomoModel.xcdatamodeld;
			sourceTree = "<group>";
			versionGroupType = wrapper.xcdatamodel;
		};
/* End XCVersionGroup section */
	};
	rootObject = 6E1D28A01946F8AC00892F5D /* Project object */;
}
